// !$*UTF8*$!
{
	archiveVersion = 1;
	classes = {
	};
	objectVersion = 46;
	objects = {

/* Begin PBXBuildFile section */
		613869795D17C839EC8E9DD0 /* Pods_ListndTests.framework in Frameworks */ = {isa = PBXBuildFile; fileRef = 903C6E3F998EE619F0E9288A /* Pods_ListndTests.framework */; };
		687C44A104AD8B312BC52D8D /* Pods_Listnd.framework in Frameworks */ = {isa = PBXBuildFile; fileRef = 94451EF0380236D579DDA8D2 /* Pods_Listnd.framework */; };
		DD03388F1DB88BAF00515724 /* FavoriteAlbumDetailTableViewController.swift in Sources */ = {isa = PBXBuildFile; fileRef = DD03388E1DB88BAF00515724 /* FavoriteAlbumDetailTableViewController.swift */; };
		DD0338911DB88C0A00515724 /* FavoriteAlbumDetailTableViewCell.swift in Sources */ = {isa = PBXBuildFile; fileRef = DD0338901DB88C0A00515724 /* FavoriteAlbumDetailTableViewCell.swift */; };
		DD0A17CE1E051B8C00578E4E /* Reachability.swift in Sources */ = {isa = PBXBuildFile; fileRef = DD0A17CD1E051B8C00578E4E /* Reachability.swift */; };
		DD293FEE1E0DA09700F6EB76 /* Track+CoreDataProperties.swift in Sources */ = {isa = PBXBuildFile; fileRef = DD293FED1E0DA09700F6EB76 /* Track+CoreDataProperties.swift */; };
		DD293FF01E0DA11800F6EB76 /* Constants.swift in Sources */ = {isa = PBXBuildFile; fileRef = DD293FEF1E0DA11800F6EB76 /* Constants.swift */; };
		DD293FF21E0DA13100F6EB76 /* SpotifyAPI.swift in Sources */ = {isa = PBXBuildFile; fileRef = DD293FF11E0DA13100F6EB76 /* SpotifyAPI.swift */; };
		DD293FF41E0DA14B00F6EB76 /* Album+CoreDataProperties.swift in Sources */ = {isa = PBXBuildFile; fileRef = DD293FF31E0DA14B00F6EB76 /* Album+CoreDataProperties.swift */; };
		DD293FF61E0DA16200F6EB76 /* FavoriteArtistTableViewController.swift in Sources */ = {isa = PBXBuildFile; fileRef = DD293FF51E0DA16200F6EB76 /* FavoriteArtistTableViewController.swift */; };
		DD293FF81E0DA17000F6EB76 /* FavoriteArtistTableViewCell.swift in Sources */ = {isa = PBXBuildFile; fileRef = DD293FF71E0DA17000F6EB76 /* FavoriteArtistTableViewCell.swift */; };
		DD324F031DF3367A006AC03F /* HeaderView.xib in Resources */ = {isa = PBXBuildFile; fileRef = DD324F021DF3367A006AC03F /* HeaderView.xib */; };
		DD33B8571DE0041000A9D66F /* ArtistDetailViewController.swift in Sources */ = {isa = PBXBuildFile; fileRef = DD33B8561DE0041000A9D66F /* ArtistDetailViewController.swift */; };
		DD3F434C1EA1FC46002F0BB1 /* CustomTabBar.swift in Sources */ = {isa = PBXBuildFile; fileRef = DD3F434B1EA1FC46002F0BB1 /* CustomTabBar.swift */; };
		DD4A6AD21DFE1C8800465F76 /* CustomMessage.xib in Resources */ = {isa = PBXBuildFile; fileRef = DD4A6AD11DFE1C8800465F76 /* CustomMessage.xib */; };
		DD512F001DDED89E00BF76EB /* ArtistDetailTableViewCell.swift in Sources */ = {isa = PBXBuildFile; fileRef = DD512EFF1DDED89E00BF76EB /* ArtistDetailTableViewCell.swift */; };
		DD5DEF611DAAFC0700BDF98C /* AlbumDetailViewController.swift in Sources */ = {isa = PBXBuildFile; fileRef = DD5DEF601DAAFC0700BDF98C /* AlbumDetailViewController.swift */; };
		DD5DEF631DAAFC4900BDF98C /* AlbumDetailTableViewCell.swift in Sources */ = {isa = PBXBuildFile; fileRef = DD5DEF621DAAFC4900BDF98C /* AlbumDetailTableViewCell.swift */; };
		DD5DEF681DAB0CAF00BDF98C /* Track+CoreDataClass.swift in Sources */ = {isa = PBXBuildFile; fileRef = DD5DEF641DAB0CAF00BDF98C /* Track+CoreDataClass.swift */; };
		DD8F03EE1DA23267000837DE /* AppDelegate.swift in Sources */ = {isa = PBXBuildFile; fileRef = DD8F03ED1DA23267000837DE /* AppDelegate.swift */; };
		DD8F03F01DA23267000837DE /* SearchViewController.swift in Sources */ = {isa = PBXBuildFile; fileRef = DD8F03EF1DA23267000837DE /* SearchViewController.swift */; };
		DD8F03F31DA23267000837DE /* Main.storyboard in Resources */ = {isa = PBXBuildFile; fileRef = DD8F03F11DA23267000837DE /* Main.storyboard */; };
		DD8F03F51DA23267000837DE /* Assets.xcassets in Resources */ = {isa = PBXBuildFile; fileRef = DD8F03F41DA23267000837DE /* Assets.xcassets */; };
		DD8F03F81DA23267000837DE /* LaunchScreen.storyboard in Resources */ = {isa = PBXBuildFile; fileRef = DD8F03F61DA23267000837DE /* LaunchScreen.storyboard */; };
		DD8F04031DA23267000837DE /* ListndTests.swift in Sources */ = {isa = PBXBuildFile; fileRef = DD8F04021DA23267000837DE /* ListndTests.swift */; };
		DD8F040E1DA23267000837DE /* ListndUITests.swift in Sources */ = {isa = PBXBuildFile; fileRef = DD8F040D1DA23267000837DE /* ListndUITests.swift */; };
		DD8F04271DA23910000837DE /* SpotifyAPIConvinience.swift in Sources */ = {isa = PBXBuildFile; fileRef = DD8F04261DA23910000837DE /* SpotifyAPIConvinience.swift */; };
		DDAB14911E0E0254004C0F40 /* Artist+CoreDataProperties.swift in Sources */ = {isa = PBXBuildFile; fileRef = DDAB14901E0E0254004C0F40 /* Artist+CoreDataProperties.swift */; };
		DDAE2FD61DC5CD8400630430 /* ListndPlayerItem.swift in Sources */ = {isa = PBXBuildFile; fileRef = DDAE2FD51DC5CD8400630430 /* ListndPlayerItem.swift */; };
		DDB14F9C1DA856D900DE9A4A /* Model.xcdatamodeld in Sources */ = {isa = PBXBuildFile; fileRef = DDB14F9A1DA856D900DE9A4A /* Model.xcdatamodeld */; };
		DDB14F9F1DA858E900DE9A4A /* Artist+CoreDataClass.swift in Sources */ = {isa = PBXBuildFile; fileRef = DDB14F9D1DA858E900DE9A4A /* Artist+CoreDataClass.swift */; };
		DDB14FA21DA8592A00DE9A4A /* CoreDataStack.swift in Sources */ = {isa = PBXBuildFile; fileRef = DDB14FA11DA8592A00DE9A4A /* CoreDataStack.swift */; };
		DDBA01CA1DA4BE7B007FE696 /* SearchTableViewCell.swift in Sources */ = {isa = PBXBuildFile; fileRef = DDBA01C91DA4BE7B007FE696 /* SearchTableViewCell.swift */; };
		DDE21A0C1DB4A870000A9318 /* FavoriteAlbumTableView.swift in Sources */ = {isa = PBXBuildFile; fileRef = DDE21A0B1DB4A870000A9318 /* FavoriteAlbumTableView.swift */; };
		DDE21A0E1DB4A8D5000A9318 /* FavoriteAlbumTableViewCell.swift in Sources */ = {isa = PBXBuildFile; fileRef = DDE21A0D1DB4A8D5000A9318 /* FavoriteAlbumTableViewCell.swift */; };
		DDEB0BA01E580EBE00E70B4A /* HeaderView.swift in Sources */ = {isa = PBXBuildFile; fileRef = DDEB0B9F1E580EBE00E70B4A /* HeaderView.swift */; };
		DDEB0BA21E58107C00E70B4A /* CustomButton.swift in Sources */ = {isa = PBXBuildFile; fileRef = DDEB0BA11E58107C00E70B4A /* CustomButton.swift */; };
		DDEB0BA81E58354000E70B4A /* TableSectionHeader.swift in Sources */ = {isa = PBXBuildFile; fileRef = DDEB0BA71E58354000E70B4A /* TableSectionHeader.swift */; };
		DDEB0BAC1E58361C00E70B4A /* TableSectionHeader.xib in Resources */ = {isa = PBXBuildFile; fileRef = DDEB0BAB1E58361C00E70B4A /* TableSectionHeader.xib */; };
		DDFF1E631DA9FE7800E8231E /* Album+CoreDataClass.swift in Sources */ = {isa = PBXBuildFile; fileRef = DDFF1E611DA9FE7800E8231E /* Album+CoreDataClass.swift */; };
		F58D155109D1749AE38E9530 /* Pods_ListndUITests.framework in Frameworks */ = {isa = PBXBuildFile; fileRef = 3A75A151173EEFD4C2A2AB10 /* Pods_ListndUITests.framework */; };
/* End PBXBuildFile section */

/* Begin PBXContainerItemProxy section */
		DD8F03FF1DA23267000837DE /* PBXContainerItemProxy */ = {
			isa = PBXContainerItemProxy;
			containerPortal = DD8F03E21DA23267000837DE /* Project object */;
			proxyType = 1;
			remoteGlobalIDString = DD8F03E91DA23267000837DE;
			remoteInfo = Listnd;
		};
		DD8F040A1DA23267000837DE /* PBXContainerItemProxy */ = {
			isa = PBXContainerItemProxy;
			containerPortal = DD8F03E21DA23267000837DE /* Project object */;
			proxyType = 1;
			remoteGlobalIDString = DD8F03E91DA23267000837DE;
			remoteInfo = Listnd;
		};
/* End PBXContainerItemProxy section */

/* Begin PBXFileReference section */
		014C78A83DCB02A6B8C44340 /* Pods-Listnd.release.xcconfig */ = {isa = PBXFileReference; includeInIndex = 1; lastKnownFileType = text.xcconfig; name = "Pods-Listnd.release.xcconfig"; path = "Pods/Target Support Files/Pods-Listnd/Pods-Listnd.release.xcconfig"; sourceTree = "<group>"; };
		252EA76BCAAC4E43902CF3F3 /* Pods-ListndUITests.release.xcconfig */ = {isa = PBXFileReference; includeInIndex = 1; lastKnownFileType = text.xcconfig; name = "Pods-ListndUITests.release.xcconfig"; path = "Pods/Target Support Files/Pods-ListndUITests/Pods-ListndUITests.release.xcconfig"; sourceTree = "<group>"; };
		3A75A151173EEFD4C2A2AB10 /* Pods_ListndUITests.framework */ = {isa = PBXFileReference; explicitFileType = wrapper.framework; includeInIndex = 0; path = Pods_ListndUITests.framework; sourceTree = BUILT_PRODUCTS_DIR; };
		3C1F2712AF62863EF676AD0B /* Pods-ListndTests.release.xcconfig */ = {isa = PBXFileReference; includeInIndex = 1; lastKnownFileType = text.xcconfig; name = "Pods-ListndTests.release.xcconfig"; path = "Pods/Target Support Files/Pods-ListndTests/Pods-ListndTests.release.xcconfig"; sourceTree = "<group>"; };
		4C6A26F1CFABF5FB12D7C839 /* Pods-ListndUITests.debug.xcconfig */ = {isa = PBXFileReference; includeInIndex = 1; lastKnownFileType = text.xcconfig; name = "Pods-ListndUITests.debug.xcconfig"; path = "Pods/Target Support Files/Pods-ListndUITests/Pods-ListndUITests.debug.xcconfig"; sourceTree = "<group>"; };
		5277BD873405892852838BA3 /* Pods-ListndTests.debug.xcconfig */ = {isa = PBXFileReference; includeInIndex = 1; lastKnownFileType = text.xcconfig; name = "Pods-ListndTests.debug.xcconfig"; path = "Pods/Target Support Files/Pods-ListndTests/Pods-ListndTests.debug.xcconfig"; sourceTree = "<group>"; };
		7F442699709036B52BDD7190 /* Pods-Listnd.debug.xcconfig */ = {isa = PBXFileReference; includeInIndex = 1; lastKnownFileType = text.xcconfig; name = "Pods-Listnd.debug.xcconfig"; path = "Pods/Target Support Files/Pods-Listnd/Pods-Listnd.debug.xcconfig"; sourceTree = "<group>"; };
		903C6E3F998EE619F0E9288A /* Pods_ListndTests.framework */ = {isa = PBXFileReference; explicitFileType = wrapper.framework; includeInIndex = 0; path = Pods_ListndTests.framework; sourceTree = BUILT_PRODUCTS_DIR; };
		94451EF0380236D579DDA8D2 /* Pods_Listnd.framework */ = {isa = PBXFileReference; explicitFileType = wrapper.framework; includeInIndex = 0; path = Pods_Listnd.framework; sourceTree = BUILT_PRODUCTS_DIR; };
		DD03388E1DB88BAF00515724 /* FavoriteAlbumDetailTableViewController.swift */ = {isa = PBXFileReference; fileEncoding = 4; lastKnownFileType = sourcecode.swift; path = FavoriteAlbumDetailTableViewController.swift; sourceTree = "<group>"; };
		DD0338901DB88C0A00515724 /* FavoriteAlbumDetailTableViewCell.swift */ = {isa = PBXFileReference; fileEncoding = 4; lastKnownFileType = sourcecode.swift; path = FavoriteAlbumDetailTableViewCell.swift; sourceTree = "<group>"; };
		DD0A17CD1E051B8C00578E4E /* Reachability.swift */ = {isa = PBXFileReference; fileEncoding = 4; lastKnownFileType = sourcecode.swift; path = Reachability.swift; sourceTree = "<group>"; };
		DD293FED1E0DA09700F6EB76 /* Track+CoreDataProperties.swift */ = {isa = PBXFileReference; fileEncoding = 4; lastKnownFileType = sourcecode.swift; name = "Track+CoreDataProperties.swift"; path = "Listnd/Track+CoreDataProperties.swift"; sourceTree = "<group>"; };
		DD293FEF1E0DA11800F6EB76 /* Constants.swift */ = {isa = PBXFileReference; fileEncoding = 4; lastKnownFileType = sourcecode.swift; path = Constants.swift; sourceTree = "<group>"; };
		DD293FF11E0DA13100F6EB76 /* SpotifyAPI.swift */ = {isa = PBXFileReference; fileEncoding = 4; lastKnownFileType = sourcecode.swift; path = SpotifyAPI.swift; sourceTree = "<group>"; };
		DD293FF31E0DA14B00F6EB76 /* Album+CoreDataProperties.swift */ = {isa = PBXFileReference; fileEncoding = 4; lastKnownFileType = sourcecode.swift; name = "Album+CoreDataProperties.swift"; path = "Listnd/Album+CoreDataProperties.swift"; sourceTree = "<group>"; };
		DD293FF51E0DA16200F6EB76 /* FavoriteArtistTableViewController.swift */ = {isa = PBXFileReference; fileEncoding = 4; lastKnownFileType = sourcecode.swift; path = FavoriteArtistTableViewController.swift; sourceTree = "<group>"; };
		DD293FF71E0DA17000F6EB76 /* FavoriteArtistTableViewCell.swift */ = {isa = PBXFileReference; fileEncoding = 4; lastKnownFileType = sourcecode.swift; path = FavoriteArtistTableViewCell.swift; sourceTree = "<group>"; };
		DD324F021DF3367A006AC03F /* HeaderView.xib */ = {isa = PBXFileReference; fileEncoding = 4; lastKnownFileType = file.xib; path = HeaderView.xib; sourceTree = "<group>"; };
		DD33B8561DE0041000A9D66F /* ArtistDetailViewController.swift */ = {isa = PBXFileReference; fileEncoding = 4; lastKnownFileType = sourcecode.swift; path = ArtistDetailViewController.swift; sourceTree = "<group>"; };
		DD3F434B1EA1FC46002F0BB1 /* CustomTabBar.swift */ = {isa = PBXFileReference; fileEncoding = 4; lastKnownFileType = sourcecode.swift; path = CustomTabBar.swift; sourceTree = "<group>"; };
		DD4A6AD11DFE1C8800465F76 /* CustomMessage.xib */ = {isa = PBXFileReference; fileEncoding = 4; lastKnownFileType = file.xib; path = CustomMessage.xib; sourceTree = "<group>"; };
		DD512EFF1DDED89E00BF76EB /* ArtistDetailTableViewCell.swift */ = {isa = PBXFileReference; fileEncoding = 4; lastKnownFileType = sourcecode.swift; path = ArtistDetailTableViewCell.swift; sourceTree = "<group>"; };
		DD5DEF601DAAFC0700BDF98C /* AlbumDetailViewController.swift */ = {isa = PBXFileReference; fileEncoding = 4; lastKnownFileType = sourcecode.swift; path = AlbumDetailViewController.swift; sourceTree = "<group>"; };
		DD5DEF621DAAFC4900BDF98C /* AlbumDetailTableViewCell.swift */ = {isa = PBXFileReference; fileEncoding = 4; lastKnownFileType = sourcecode.swift; path = AlbumDetailTableViewCell.swift; sourceTree = "<group>"; };
		DD5DEF641DAB0CAF00BDF98C /* Track+CoreDataClass.swift */ = {isa = PBXFileReference; fileEncoding = 4; lastKnownFileType = sourcecode.swift; name = "Track+CoreDataClass.swift"; path = "Listnd/Track+CoreDataClass.swift"; sourceTree = "<group>"; };
		DD8F03EA1DA23267000837DE /* Listnd.app */ = {isa = PBXFileReference; explicitFileType = wrapper.application; includeInIndex = 0; path = Listnd.app; sourceTree = BUILT_PRODUCTS_DIR; };
		DD8F03ED1DA23267000837DE /* AppDelegate.swift */ = {isa = PBXFileReference; lastKnownFileType = sourcecode.swift; path = AppDelegate.swift; sourceTree = "<group>"; };
		DD8F03EF1DA23267000837DE /* SearchViewController.swift */ = {isa = PBXFileReference; lastKnownFileType = sourcecode.swift; path = SearchViewController.swift; sourceTree = "<group>"; };
		DD8F03F21DA23267000837DE /* Base */ = {isa = PBXFileReference; lastKnownFileType = file.storyboard; name = Base; path = Base.lproj/Main.storyboard; sourceTree = "<group>"; };
		DD8F03F41DA23267000837DE /* Assets.xcassets */ = {isa = PBXFileReference; lastKnownFileType = folder.assetcatalog; path = Assets.xcassets; sourceTree = "<group>"; };
		DD8F03F71DA23267000837DE /* Base */ = {isa = PBXFileReference; lastKnownFileType = file.storyboard; name = Base; path = Base.lproj/LaunchScreen.storyboard; sourceTree = "<group>"; };
		DD8F03F91DA23267000837DE /* Info.plist */ = {isa = PBXFileReference; lastKnownFileType = text.plist.xml; path = Info.plist; sourceTree = "<group>"; };
		DD8F03FE1DA23267000837DE /* ListndTests.xctest */ = {isa = PBXFileReference; explicitFileType = wrapper.cfbundle; includeInIndex = 0; path = ListndTests.xctest; sourceTree = BUILT_PRODUCTS_DIR; };
		DD8F04021DA23267000837DE /* ListndTests.swift */ = {isa = PBXFileReference; lastKnownFileType = sourcecode.swift; path = ListndTests.swift; sourceTree = "<group>"; };
		DD8F04041DA23267000837DE /* Info.plist */ = {isa = PBXFileReference; lastKnownFileType = text.plist.xml; path = Info.plist; sourceTree = "<group>"; };
		DD8F04091DA23267000837DE /* ListndUITests.xctest */ = {isa = PBXFileReference; explicitFileType = wrapper.cfbundle; includeInIndex = 0; path = ListndUITests.xctest; sourceTree = BUILT_PRODUCTS_DIR; };
		DD8F040D1DA23267000837DE /* ListndUITests.swift */ = {isa = PBXFileReference; lastKnownFileType = sourcecode.swift; path = ListndUITests.swift; sourceTree = "<group>"; };
		DD8F040F1DA23267000837DE /* Info.plist */ = {isa = PBXFileReference; lastKnownFileType = text.plist.xml; path = Info.plist; sourceTree = "<group>"; };
		DD8F04261DA23910000837DE /* SpotifyAPIConvinience.swift */ = {isa = PBXFileReference; fileEncoding = 4; lastKnownFileType = sourcecode.swift; path = SpotifyAPIConvinience.swift; sourceTree = "<group>"; };
		DDAB14901E0E0254004C0F40 /* Artist+CoreDataProperties.swift */ = {isa = PBXFileReference; fileEncoding = 4; lastKnownFileType = sourcecode.swift; name = "Artist+CoreDataProperties.swift"; path = "Listnd/Artist+CoreDataProperties.swift"; sourceTree = "<group>"; };
		DDAE2FD51DC5CD8400630430 /* ListndPlayerItem.swift */ = {isa = PBXFileReference; fileEncoding = 4; lastKnownFileType = sourcecode.swift; path = ListndPlayerItem.swift; sourceTree = "<group>"; };
		DDB14F9B1DA856D900DE9A4A /* Model.xcdatamodel */ = {isa = PBXFileReference; lastKnownFileType = wrapper.xcdatamodel; path = Model.xcdatamodel; sourceTree = "<group>"; };
		DDB14F9D1DA858E900DE9A4A /* Artist+CoreDataClass.swift */ = {isa = PBXFileReference; fileEncoding = 4; lastKnownFileType = sourcecode.swift; name = "Artist+CoreDataClass.swift"; path = "Listnd/Artist+CoreDataClass.swift"; sourceTree = "<group>"; };
		DDB14FA11DA8592A00DE9A4A /* CoreDataStack.swift */ = {isa = PBXFileReference; fileEncoding = 4; lastKnownFileType = sourcecode.swift; name = CoreDataStack.swift; path = Listnd/CoreDataStack.swift; sourceTree = "<group>"; };
		DDBA01C91DA4BE7B007FE696 /* SearchTableViewCell.swift */ = {isa = PBXFileReference; fileEncoding = 4; lastKnownFileType = sourcecode.swift; path = SearchTableViewCell.swift; sourceTree = "<group>"; };
		DDE21A0B1DB4A870000A9318 /* FavoriteAlbumTableView.swift */ = {isa = PBXFileReference; fileEncoding = 4; lastKnownFileType = sourcecode.swift; path = FavoriteAlbumTableView.swift; sourceTree = "<group>"; };
		DDE21A0D1DB4A8D5000A9318 /* FavoriteAlbumTableViewCell.swift */ = {isa = PBXFileReference; fileEncoding = 4; lastKnownFileType = sourcecode.swift; path = FavoriteAlbumTableViewCell.swift; sourceTree = "<group>"; };
		DDEB0B9F1E580EBE00E70B4A /* HeaderView.swift */ = {isa = PBXFileReference; fileEncoding = 4; lastKnownFileType = sourcecode.swift; path = HeaderView.swift; sourceTree = "<group>"; };
		DDEB0BA11E58107C00E70B4A /* CustomButton.swift */ = {isa = PBXFileReference; fileEncoding = 4; lastKnownFileType = sourcecode.swift; path = CustomButton.swift; sourceTree = "<group>"; };
		DDEB0BA71E58354000E70B4A /* TableSectionHeader.swift */ = {isa = PBXFileReference; fileEncoding = 4; lastKnownFileType = sourcecode.swift; path = TableSectionHeader.swift; sourceTree = "<group>"; };
		DDEB0BAB1E58361C00E70B4A /* TableSectionHeader.xib */ = {isa = PBXFileReference; fileEncoding = 4; lastKnownFileType = file.xib; path = TableSectionHeader.xib; sourceTree = "<group>"; };
		DDFF1E611DA9FE7800E8231E /* Album+CoreDataClass.swift */ = {isa = PBXFileReference; fileEncoding = 4; lastKnownFileType = sourcecode.swift; name = "Album+CoreDataClass.swift"; path = "Listnd/Album+CoreDataClass.swift"; sourceTree = "<group>"; };
/* End PBXFileReference section */

/* Begin PBXFrameworksBuildPhase section */
		DD8F03E71DA23267000837DE /* Frameworks */ = {
			isa = PBXFrameworksBuildPhase;
			buildActionMask = 2147483647;
			files = (
				687C44A104AD8B312BC52D8D /* Pods_Listnd.framework in Frameworks */,
			);
			runOnlyForDeploymentPostprocessing = 0;
		};
		DD8F03FB1DA23267000837DE /* Frameworks */ = {
			isa = PBXFrameworksBuildPhase;
			buildActionMask = 2147483647;
			files = (
				613869795D17C839EC8E9DD0 /* Pods_ListndTests.framework in Frameworks */,
			);
			runOnlyForDeploymentPostprocessing = 0;
		};
		DD8F04061DA23267000837DE /* Frameworks */ = {
			isa = PBXFrameworksBuildPhase;
			buildActionMask = 2147483647;
			files = (
				F58D155109D1749AE38E9530 /* Pods_ListndUITests.framework in Frameworks */,
			);
			runOnlyForDeploymentPostprocessing = 0;
		};
/* End PBXFrameworksBuildPhase section */

/* Begin PBXGroup section */
		923AABD1C466A19D10DD69A2 /* Pods */ = {
			isa = PBXGroup;
			children = (
				7F442699709036B52BDD7190 /* Pods-Listnd.debug.xcconfig */,
				014C78A83DCB02A6B8C44340 /* Pods-Listnd.release.xcconfig */,
				5277BD873405892852838BA3 /* Pods-ListndTests.debug.xcconfig */,
				3C1F2712AF62863EF676AD0B /* Pods-ListndTests.release.xcconfig */,
				4C6A26F1CFABF5FB12D7C839 /* Pods-ListndUITests.debug.xcconfig */,
				252EA76BCAAC4E43902CF3F3 /* Pods-ListndUITests.release.xcconfig */,
			);
			name = Pods;
			sourceTree = "<group>";
		};
		C6CECDBC76678AF02C228028 /* Frameworks */ = {
			isa = PBXGroup;
			children = (
				94451EF0380236D579DDA8D2 /* Pods_Listnd.framework */,
				903C6E3F998EE619F0E9288A /* Pods_ListndTests.framework */,
				3A75A151173EEFD4C2A2AB10 /* Pods_ListndUITests.framework */,
			);
			name = Frameworks;
			sourceTree = "<group>";
		};
		DD6BA3A91DD7AC8B0077AACA /* Views */ = {
			isa = PBXGroup;
			children = (
				DD293FF71E0DA17000F6EB76 /* FavoriteArtistTableViewCell.swift */,
				DDE21A0D1DB4A8D5000A9318 /* FavoriteAlbumTableViewCell.swift */,
				DD0338901DB88C0A00515724 /* FavoriteAlbumDetailTableViewCell.swift */,
				DDBA01C91DA4BE7B007FE696 /* SearchTableViewCell.swift */,
				DD512EFF1DDED89E00BF76EB /* ArtistDetailTableViewCell.swift */,
				DD5DEF621DAAFC4900BDF98C /* AlbumDetailTableViewCell.swift */,
				DDEB0B9F1E580EBE00E70B4A /* HeaderView.swift */,
				DDEB0BA71E58354000E70B4A /* TableSectionHeader.swift */,
			);
			name = Views;
			sourceTree = "<group>";
		};
		DD6BA3AA1DD7ACFC0077AACA /* Storyboards */ = {
			isa = PBXGroup;
			children = (
				DD8F03F11DA23267000837DE /* Main.storyboard */,
				DD324F021DF3367A006AC03F /* HeaderView.xib */,
				DDEB0BAB1E58361C00E70B4A /* TableSectionHeader.xib */,
				DD4A6AD11DFE1C8800465F76 /* CustomMessage.xib */,
				DD8F03F61DA23267000837DE /* LaunchScreen.storyboard */,
			);
			name = Storyboards;
			sourceTree = "<group>";
		};
		DD6BA3AB1DD7ADDA0077AACA /* Utility */ = {
			isa = PBXGroup;
			children = (
				DD0A17CD1E051B8C00578E4E /* Reachability.swift */,
				DDAE2FD51DC5CD8400630430 /* ListndPlayerItem.swift */,
				DDEB0BA11E58107C00E70B4A /* CustomButton.swift */,
				DD3F434B1EA1FC46002F0BB1 /* CustomTabBar.swift */,
			);
			name = Utility;
			sourceTree = "<group>";
		};
		DD8F03E11DA23267000837DE = {
			isa = PBXGroup;
			children = (
				DD8F03EC1DA23267000837DE /* Listnd */,
				DD8F04011DA23267000837DE /* ListndTests */,
				DD8F040C1DA23267000837DE /* ListndUITests */,
				DD8F03EB1DA23267000837DE /* Products */,
				923AABD1C466A19D10DD69A2 /* Pods */,
				C6CECDBC76678AF02C228028 /* Frameworks */,
			);
			sourceTree = "<group>";
		};
		DD8F03EB1DA23267000837DE /* Products */ = {
			isa = PBXGroup;
			children = (
				DD8F03EA1DA23267000837DE /* Listnd.app */,
				DD8F03FE1DA23267000837DE /* ListndTests.xctest */,
				DD8F04091DA23267000837DE /* ListndUITests.xctest */,
			);
			name = Products;
			sourceTree = "<group>";
		};
		DD8F03EC1DA23267000837DE /* Listnd */ = {
			isa = PBXGroup;
			children = (
				DD8F03ED1DA23267000837DE /* AppDelegate.swift */,
				DDFF1E671DAA249100E8231E /* Model */,
				DD8F04201DA23549000837DE /* Controllers */,
				DD6BA3A91DD7AC8B0077AACA /* Views */,
				DD6BA3AB1DD7ADDA0077AACA /* Utility */,
				DD6BA3AA1DD7ACFC0077AACA /* Storyboards */,
				DD8F03F41DA23267000837DE /* Assets.xcassets */,
				DD8F03F91DA23267000837DE /* Info.plist */,
			);
			path = Listnd;
			sourceTree = "<group>";
		};
		DD8F04011DA23267000837DE /* ListndTests */ = {
			isa = PBXGroup;
			children = (
				DD8F04021DA23267000837DE /* ListndTests.swift */,
				DD8F04041DA23267000837DE /* Info.plist */,
			);
			path = ListndTests;
			sourceTree = "<group>";
		};
		DD8F040C1DA23267000837DE /* ListndUITests */ = {
			isa = PBXGroup;
			children = (
				DD8F040D1DA23267000837DE /* ListndUITests.swift */,
				DD8F040F1DA23267000837DE /* Info.plist */,
			);
			path = ListndUITests;
			sourceTree = "<group>";
		};
		DD8F04201DA23549000837DE /* Controllers */ = {
			isa = PBXGroup;
			children = (
				DD293FF51E0DA16200F6EB76 /* FavoriteArtistTableViewController.swift */,
				DDE21A0B1DB4A870000A9318 /* FavoriteAlbumTableView.swift */,
				DD03388E1DB88BAF00515724 /* FavoriteAlbumDetailTableViewController.swift */,
				DD8F03EF1DA23267000837DE /* SearchViewController.swift */,
				DD33B8561DE0041000A9D66F /* ArtistDetailViewController.swift */,
				DD5DEF601DAAFC0700BDF98C /* AlbumDetailViewController.swift */,
			);
			name = Controllers;
			sourceTree = "<group>";
		};
		DD8F04251DA23888000837DE /* SpotifyAPI */ = {
			isa = PBXGroup;
			children = (
				DD293FEF1E0DA11800F6EB76 /* Constants.swift */,
				DD293FF11E0DA13100F6EB76 /* SpotifyAPI.swift */,
				DD8F04261DA23910000837DE /* SpotifyAPIConvinience.swift */,
			);
			name = SpotifyAPI;
			sourceTree = "<group>";
		};
		DDFF1E651DAA244D00E8231E /* Core Data */ = {
			isa = PBXGroup;
			children = (
				DDFF1E611DA9FE7800E8231E /* Album+CoreDataClass.swift */,
				DD293FF31E0DA14B00F6EB76 /* Album+CoreDataProperties.swift */,
				DDB14F9D1DA858E900DE9A4A /* Artist+CoreDataClass.swift */,
				DDAB14901E0E0254004C0F40 /* Artist+CoreDataProperties.swift */,
				DD5DEF641DAB0CAF00BDF98C /* Track+CoreDataClass.swift */,
				DD293FED1E0DA09700F6EB76 /* Track+CoreDataProperties.swift */,
				DDB14FA11DA8592A00DE9A4A /* CoreDataStack.swift */,
				DDB14F9A1DA856D900DE9A4A /* Model.xcdatamodeld */,
			);
			name = "Core Data";
			path = ..;
			sourceTree = "<group>";
		};
		DDFF1E671DAA249100E8231E /* Model */ = {
			isa = PBXGroup;
			children = (
				DD8F04251DA23888000837DE /* SpotifyAPI */,
				DDFF1E651DAA244D00E8231E /* Core Data */,
			);
			name = Model;
			sourceTree = "<group>";
		};
/* End PBXGroup section */

/* Begin PBXNativeTarget section */
		DD8F03E91DA23267000837DE /* Listnd */ = {
			isa = PBXNativeTarget;
			buildConfigurationList = DD8F04121DA23267000837DE /* Build configuration list for PBXNativeTarget "Listnd" */;
			buildPhases = (
				350DE5AF726DBAC8EC06D6F7 /* [CP] Check Pods Manifest.lock */,
				DD8F03E61DA23267000837DE /* Sources */,
				DD8F03E71DA23267000837DE /* Frameworks */,
				DD8F03E81DA23267000837DE /* Resources */,
				692191B73BBC23E42FEF7494 /* [CP] Embed Pods Frameworks */,
				357E174AAC3A3AD75260312C /* [CP] Copy Pods Resources */,
			);
			buildRules = (
			);
			dependencies = (
			);
			name = Listnd;
			productName = Listnd;
			productReference = DD8F03EA1DA23267000837DE /* Listnd.app */;
			productType = "com.apple.product-type.application";
		};
		DD8F03FD1DA23267000837DE /* ListndTests */ = {
			isa = PBXNativeTarget;
			buildConfigurationList = DD8F04151DA23267000837DE /* Build configuration list for PBXNativeTarget "ListndTests" */;
			buildPhases = (
				24E65525DA88141D4329A714 /* [CP] Check Pods Manifest.lock */,
				DD8F03FA1DA23267000837DE /* Sources */,
				DD8F03FB1DA23267000837DE /* Frameworks */,
				DD8F03FC1DA23267000837DE /* Resources */,
				37869001BA173E67C719197B /* [CP] Embed Pods Frameworks */,
				E2B3345C33C134C40D365B6D /* [CP] Copy Pods Resources */,
			);
			buildRules = (
			);
			dependencies = (
				DD8F04001DA23267000837DE /* PBXTargetDependency */,
			);
			name = ListndTests;
			productName = ListndTests;
			productReference = DD8F03FE1DA23267000837DE /* ListndTests.xctest */;
			productType = "com.apple.product-type.bundle.unit-test";
		};
		DD8F04081DA23267000837DE /* ListndUITests */ = {
			isa = PBXNativeTarget;
			buildConfigurationList = DD8F04181DA23267000837DE /* Build configuration list for PBXNativeTarget "ListndUITests" */;
			buildPhases = (
				7692B1C7616829F742564B6E /* [CP] Check Pods Manifest.lock */,
				DD8F04051DA23267000837DE /* Sources */,
				DD8F04061DA23267000837DE /* Frameworks */,
				DD8F04071DA23267000837DE /* Resources */,
				895C23130A5D552757B018BF /* [CP] Embed Pods Frameworks */,
				E728769691C5DB4CF7559941 /* [CP] Copy Pods Resources */,
			);
			buildRules = (
			);
			dependencies = (
				DD8F040B1DA23267000837DE /* PBXTargetDependency */,
			);
			name = ListndUITests;
			productName = ListndUITests;
			productReference = DD8F04091DA23267000837DE /* ListndUITests.xctest */;
			productType = "com.apple.product-type.bundle.ui-testing";
		};
/* End PBXNativeTarget section */

/* Begin PBXProject section */
		DD8F03E21DA23267000837DE /* Project object */ = {
			isa = PBXProject;
			attributes = {
				LastSwiftUpdateCheck = 0800;
				LastUpgradeCheck = 0830;
				ORGANIZATIONNAME = "Ramiro H. Lopez";
				TargetAttributes = {
					DD8F03E91DA23267000837DE = {
						CreatedOnToolsVersion = 8.0;
						DevelopmentTeam = 7C7E58NWQY;
						ProvisioningStyle = Automatic;
					};
					DD8F03FD1DA23267000837DE = {
						CreatedOnToolsVersion = 8.0;
						DevelopmentTeam = 7C7E58NWQY;
						ProvisioningStyle = Automatic;
						TestTargetID = DD8F03E91DA23267000837DE;
					};
					DD8F04081DA23267000837DE = {
						CreatedOnToolsVersion = 8.0;
						DevelopmentTeam = 7C7E58NWQY;
						ProvisioningStyle = Automatic;
						TestTargetID = DD8F03E91DA23267000837DE;
					};
				};
			};
			buildConfigurationList = DD8F03E51DA23267000837DE /* Build configuration list for PBXProject "Listnd" */;
			compatibilityVersion = "Xcode 3.2";
			developmentRegion = English;
			hasScannedForEncodings = 0;
			knownRegions = (
				en,
				Base,
			);
			mainGroup = DD8F03E11DA23267000837DE;
			productRefGroup = DD8F03EB1DA23267000837DE /* Products */;
			projectDirPath = "";
			projectRoot = "";
			targets = (
				DD8F03E91DA23267000837DE /* Listnd */,
				DD8F03FD1DA23267000837DE /* ListndTests */,
				DD8F04081DA23267000837DE /* ListndUITests */,
			);
		};
/* End PBXProject section */

/* Begin PBXResourcesBuildPhase section */
		DD8F03E81DA23267000837DE /* Resources */ = {
			isa = PBXResourcesBuildPhase;
			buildActionMask = 2147483647;
			files = (
				DD8F03F81DA23267000837DE /* LaunchScreen.storyboard in Resources */,
				DD8F03F51DA23267000837DE /* Assets.xcassets in Resources */,
				DD4A6AD21DFE1C8800465F76 /* CustomMessage.xib in Resources */,
				DDEB0BAC1E58361C00E70B4A /* TableSectionHeader.xib in Resources */,
				DD8F03F31DA23267000837DE /* Main.storyboard in Resources */,
				DD324F031DF3367A006AC03F /* HeaderView.xib in Resources */,
			);
			runOnlyForDeploymentPostprocessing = 0;
		};
		DD8F03FC1DA23267000837DE /* Resources */ = {
			isa = PBXResourcesBuildPhase;
			buildActionMask = 2147483647;
			files = (
			);
			runOnlyForDeploymentPostprocessing = 0;
		};
		DD8F04071DA23267000837DE /* Resources */ = {
			isa = PBXResourcesBuildPhase;
			buildActionMask = 2147483647;
			files = (
			);
			runOnlyForDeploymentPostprocessing = 0;
		};
/* End PBXResourcesBuildPhase section */

/* Begin PBXShellScriptBuildPhase section */
		24E65525DA88141D4329A714 /* [CP] Check Pods Manifest.lock */ = {
			isa = PBXShellScriptBuildPhase;
			buildActionMask = 2147483647;
			files = (
			);
			inputPaths = (
			);
			name = "[CP] Check Pods Manifest.lock";
			outputPaths = (
			);
			runOnlyForDeploymentPostprocessing = 0;
			shellPath = /bin/sh;
			shellScript = "diff \"${PODS_ROOT}/../Podfile.lock\" \"${PODS_ROOT}/Manifest.lock\" > /dev/null\nif [ $? != 0 ] ; then\n    # print error to STDERR\n    echo \"error: The sandbox is not in sync with the Podfile.lock. Run 'pod install' or update your CocoaPods installation.\" >&2\n    exit 1\nfi\n";
			showEnvVarsInLog = 0;
		};
		350DE5AF726DBAC8EC06D6F7 /* [CP] Check Pods Manifest.lock */ = {
			isa = PBXShellScriptBuildPhase;
			buildActionMask = 2147483647;
			files = (
			);
			inputPaths = (
			);
			name = "[CP] Check Pods Manifest.lock";
			outputPaths = (
			);
			runOnlyForDeploymentPostprocessing = 0;
			shellPath = /bin/sh;
			shellScript = "diff \"${PODS_ROOT}/../Podfile.lock\" \"${PODS_ROOT}/Manifest.lock\" > /dev/null\nif [ $? != 0 ] ; then\n    # print error to STDERR\n    echo \"error: The sandbox is not in sync with the Podfile.lock. Run 'pod install' or update your CocoaPods installation.\" >&2\n    exit 1\nfi\n";
			showEnvVarsInLog = 0;
		};
		357E174AAC3A3AD75260312C /* [CP] Copy Pods Resources */ = {
			isa = PBXShellScriptBuildPhase;
			buildActionMask = 2147483647;
			files = (
			);
			inputPaths = (
			);
			name = "[CP] Copy Pods Resources";
			outputPaths = (
			);
			runOnlyForDeploymentPostprocessing = 0;
			shellPath = /bin/sh;
			shellScript = "\"${SRCROOT}/Pods/Target Support Files/Pods-Listnd/Pods-Listnd-resources.sh\"\n";
			showEnvVarsInLog = 0;
		};
		37869001BA173E67C719197B /* [CP] Embed Pods Frameworks */ = {
			isa = PBXShellScriptBuildPhase;
			buildActionMask = 2147483647;
			files = (
			);
			inputPaths = (
			);
			name = "[CP] Embed Pods Frameworks";
			outputPaths = (
			);
			runOnlyForDeploymentPostprocessing = 0;
			shellPath = /bin/sh;
			shellScript = "\"${SRCROOT}/Pods/Target Support Files/Pods-ListndTests/Pods-ListndTests-frameworks.sh\"\n";
			showEnvVarsInLog = 0;
		};
		692191B73BBC23E42FEF7494 /* [CP] Embed Pods Frameworks */ = {
			isa = PBXShellScriptBuildPhase;
			buildActionMask = 2147483647;
			files = (
			);
			inputPaths = (
			);
			name = "[CP] Embed Pods Frameworks";
			outputPaths = (
			);
			runOnlyForDeploymentPostprocessing = 0;
			shellPath = /bin/sh;
			shellScript = "\"${SRCROOT}/Pods/Target Support Files/Pods-Listnd/Pods-Listnd-frameworks.sh\"\n";
			showEnvVarsInLog = 0;
		};
		7692B1C7616829F742564B6E /* [CP] Check Pods Manifest.lock */ = {
			isa = PBXShellScriptBuildPhase;
			buildActionMask = 2147483647;
			files = (
			);
			inputPaths = (
			);
			name = "[CP] Check Pods Manifest.lock";
			outputPaths = (
			);
			runOnlyForDeploymentPostprocessing = 0;
			shellPath = /bin/sh;
			shellScript = "diff \"${PODS_ROOT}/../Podfile.lock\" \"${PODS_ROOT}/Manifest.lock\" > /dev/null\nif [ $? != 0 ] ; then\n    # print error to STDERR\n    echo \"error: The sandbox is not in sync with the Podfile.lock. Run 'pod install' or update your CocoaPods installation.\" >&2\n    exit 1\nfi\n";
			showEnvVarsInLog = 0;
		};
		895C23130A5D552757B018BF /* [CP] Embed Pods Frameworks */ = {
			isa = PBXShellScriptBuildPhase;
			buildActionMask = 2147483647;
			files = (
			);
			inputPaths = (
			);
			name = "[CP] Embed Pods Frameworks";
			outputPaths = (
			);
			runOnlyForDeploymentPostprocessing = 0;
			shellPath = /bin/sh;
			shellScript = "\"${SRCROOT}/Pods/Target Support Files/Pods-ListndUITests/Pods-ListndUITests-frameworks.sh\"\n";
			showEnvVarsInLog = 0;
		};
		E2B3345C33C134C40D365B6D /* [CP] Copy Pods Resources */ = {
			isa = PBXShellScriptBuildPhase;
			buildActionMask = 2147483647;
			files = (
			);
			inputPaths = (
			);
			name = "[CP] Copy Pods Resources";
			outputPaths = (
			);
			runOnlyForDeploymentPostprocessing = 0;
			shellPath = /bin/sh;
			shellScript = "\"${SRCROOT}/Pods/Target Support Files/Pods-ListndTests/Pods-ListndTests-resources.sh\"\n";
			showEnvVarsInLog = 0;
		};
		E728769691C5DB4CF7559941 /* [CP] Copy Pods Resources */ = {
			isa = PBXShellScriptBuildPhase;
			buildActionMask = 2147483647;
			files = (
			);
			inputPaths = (
			);
			name = "[CP] Copy Pods Resources";
			outputPaths = (
			);
			runOnlyForDeploymentPostprocessing = 0;
			shellPath = /bin/sh;
			shellScript = "\"${SRCROOT}/Pods/Target Support Files/Pods-ListndUITests/Pods-ListndUITests-resources.sh\"\n";
			showEnvVarsInLog = 0;
		};
/* End PBXShellScriptBuildPhase section */

/* Begin PBXSourcesBuildPhase section */
		DD8F03E61DA23267000837DE /* Sources */ = {
			isa = PBXSourcesBuildPhase;
			buildActionMask = 2147483647;
			files = (
				DD5DEF681DAB0CAF00BDF98C /* Track+CoreDataClass.swift in Sources */,
				DDE21A0E1DB4A8D5000A9318 /* FavoriteAlbumTableViewCell.swift in Sources */,
				DDAB14911E0E0254004C0F40 /* Artist+CoreDataProperties.swift in Sources */,
				DD293FF41E0DA14B00F6EB76 /* Album+CoreDataProperties.swift in Sources */,
				DDEB0BA21E58107C00E70B4A /* CustomButton.swift in Sources */,
				DD8F03F01DA23267000837DE /* SearchViewController.swift in Sources */,
				DD293FF01E0DA11800F6EB76 /* Constants.swift in Sources */,
				DD293FF61E0DA16200F6EB76 /* FavoriteArtistTableViewController.swift in Sources */,
				DD0A17CE1E051B8C00578E4E /* Reachability.swift in Sources */,
				DDE21A0C1DB4A870000A9318 /* FavoriteAlbumTableView.swift in Sources */,
				DD5DEF631DAAFC4900BDF98C /* AlbumDetailTableViewCell.swift in Sources */,
				DD33B8571DE0041000A9D66F /* ArtistDetailViewController.swift in Sources */,
				DD03388F1DB88BAF00515724 /* FavoriteAlbumDetailTableViewController.swift in Sources */,
				DDB14F9F1DA858E900DE9A4A /* Artist+CoreDataClass.swift in Sources */,
				DD293FF21E0DA13100F6EB76 /* SpotifyAPI.swift in Sources */,
				DD293FF81E0DA17000F6EB76 /* FavoriteArtistTableViewCell.swift in Sources */,
				DD3F434C1EA1FC46002F0BB1 /* CustomTabBar.swift in Sources */,
				DD8F03EE1DA23267000837DE /* AppDelegate.swift in Sources */,
				DDEB0BA81E58354000E70B4A /* TableSectionHeader.swift in Sources */,
				DDB14F9C1DA856D900DE9A4A /* Model.xcdatamodeld in Sources */,
				DDFF1E631DA9FE7800E8231E /* Album+CoreDataClass.swift in Sources */,
				DDB14FA21DA8592A00DE9A4A /* CoreDataStack.swift in Sources */,
				DD8F04271DA23910000837DE /* SpotifyAPIConvinience.swift in Sources */,
				DD293FEE1E0DA09700F6EB76 /* Track+CoreDataProperties.swift in Sources */,
				DD512F001DDED89E00BF76EB /* ArtistDetailTableViewCell.swift in Sources */,
				DD5DEF611DAAFC0700BDF98C /* AlbumDetailViewController.swift in Sources */,
				DD0338911DB88C0A00515724 /* FavoriteAlbumDetailTableViewCell.swift in Sources */,
				DDBA01CA1DA4BE7B007FE696 /* SearchTableViewCell.swift in Sources */,
				DDAE2FD61DC5CD8400630430 /* ListndPlayerItem.swift in Sources */,
				DDEB0BA01E580EBE00E70B4A /* HeaderView.swift in Sources */,
			);
			runOnlyForDeploymentPostprocessing = 0;
		};
		DD8F03FA1DA23267000837DE /* Sources */ = {
			isa = PBXSourcesBuildPhase;
			buildActionMask = 2147483647;
			files = (
				DD8F04031DA23267000837DE /* ListndTests.swift in Sources */,
			);
			runOnlyForDeploymentPostprocessing = 0;
		};
		DD8F04051DA23267000837DE /* Sources */ = {
			isa = PBXSourcesBuildPhase;
			buildActionMask = 2147483647;
			files = (
				DD8F040E1DA23267000837DE /* ListndUITests.swift in Sources */,
			);
			runOnlyForDeploymentPostprocessing = 0;
		};
/* End PBXSourcesBuildPhase section */

/* Begin PBXTargetDependency section */
		DD8F04001DA23267000837DE /* PBXTargetDependency */ = {
			isa = PBXTargetDependency;
			target = DD8F03E91DA23267000837DE /* Listnd */;
			targetProxy = DD8F03FF1DA23267000837DE /* PBXContainerItemProxy */;
		};
		DD8F040B1DA23267000837DE /* PBXTargetDependency */ = {
			isa = PBXTargetDependency;
			target = DD8F03E91DA23267000837DE /* Listnd */;
			targetProxy = DD8F040A1DA23267000837DE /* PBXContainerItemProxy */;
		};
/* End PBXTargetDependency section */

/* Begin PBXVariantGroup section */
		DD8F03F11DA23267000837DE /* Main.storyboard */ = {
			isa = PBXVariantGroup;
			children = (
				DD8F03F21DA23267000837DE /* Base */,
			);
			name = Main.storyboard;
			sourceTree = "<group>";
		};
		DD8F03F61DA23267000837DE /* LaunchScreen.storyboard */ = {
			isa = PBXVariantGroup;
			children = (
				DD8F03F71DA23267000837DE /* Base */,
			);
			name = LaunchScreen.storyboard;
			sourceTree = "<group>";
		};
/* End PBXVariantGroup section */

/* Begin XCBuildConfiguration section */
		DD8F04101DA23267000837DE /* Debug */ = {
			isa = XCBuildConfiguration;
			buildSettings = {
				ALWAYS_SEARCH_USER_PATHS = NO;
				CLANG_ANALYZER_NONNULL = YES;
				CLANG_CXX_LANGUAGE_STANDARD = "gnu++0x";
				CLANG_CXX_LIBRARY = "libc++";
				CLANG_ENABLE_MODULES = YES;
				CLANG_ENABLE_OBJC_ARC = YES;
				CLANG_WARN_BOOL_CONVERSION = YES;
				CLANG_WARN_CONSTANT_CONVERSION = YES;
				CLANG_WARN_DIRECT_OBJC_ISA_USAGE = YES_ERROR;
				CLANG_WARN_DOCUMENTATION_COMMENTS = YES;
				CLANG_WARN_EMPTY_BODY = YES;
				CLANG_WARN_ENUM_CONVERSION = YES;
				CLANG_WARN_INFINITE_RECURSION = YES;
				CLANG_WARN_INT_CONVERSION = YES;
				CLANG_WARN_OBJC_ROOT_CLASS = YES_ERROR;
				CLANG_WARN_SUSPICIOUS_MOVE = YES;
				CLANG_WARN_SUSPICIOUS_MOVES = YES;
				CLANG_WARN_UNREACHABLE_CODE = YES;
				CLANG_WARN__DUPLICATE_METHOD_MATCH = YES;
				"CODE_SIGN_IDENTITY[sdk=iphoneos*]" = "iPhone Developer";
				COPY_PHASE_STRIP = NO;
				DEBUG_INFORMATION_FORMAT = dwarf;
				ENABLE_STRICT_OBJC_MSGSEND = YES;
				ENABLE_TESTABILITY = YES;
				GCC_C_LANGUAGE_STANDARD = gnu99;
				GCC_DYNAMIC_NO_PIC = NO;
				GCC_NO_COMMON_BLOCKS = YES;
				GCC_OPTIMIZATION_LEVEL = 0;
				GCC_PREPROCESSOR_DEFINITIONS = (
					"DEBUG=1",
					"$(inherited)",
				);
				GCC_WARN_64_TO_32_BIT_CONVERSION = YES;
				GCC_WARN_ABOUT_RETURN_TYPE = YES_ERROR;
				GCC_WARN_UNDECLARED_SELECTOR = YES;
				GCC_WARN_UNINITIALIZED_AUTOS = YES_AGGRESSIVE;
				GCC_WARN_UNUSED_FUNCTION = YES;
				GCC_WARN_UNUSED_VARIABLE = YES;
				IPHONEOS_DEPLOYMENT_TARGET = 10.0;
				MTL_ENABLE_DEBUG_INFO = YES;
				ONLY_ACTIVE_ARCH = YES;
				SDKROOT = iphoneos;
				SWIFT_ACTIVE_COMPILATION_CONDITIONS = DEBUG;
				SWIFT_OPTIMIZATION_LEVEL = "-Onone";
				TARGETED_DEVICE_FAMILY = "1,2";
			};
			name = Debug;
		};
		DD8F04111DA23267000837DE /* Release */ = {
			isa = XCBuildConfiguration;
			buildSettings = {
				ALWAYS_SEARCH_USER_PATHS = NO;
				CLANG_ANALYZER_NONNULL = YES;
				CLANG_CXX_LANGUAGE_STANDARD = "gnu++0x";
				CLANG_CXX_LIBRARY = "libc++";
				CLANG_ENABLE_MODULES = YES;
				CLANG_ENABLE_OBJC_ARC = YES;
				CLANG_WARN_BOOL_CONVERSION = YES;
				CLANG_WARN_CONSTANT_CONVERSION = YES;
				CLANG_WARN_DIRECT_OBJC_ISA_USAGE = YES_ERROR;
				CLANG_WARN_DOCUMENTATION_COMMENTS = YES;
				CLANG_WARN_EMPTY_BODY = YES;
				CLANG_WARN_ENUM_CONVERSION = YES;
				CLANG_WARN_INFINITE_RECURSION = YES;
				CLANG_WARN_INT_CONVERSION = YES;
				CLANG_WARN_OBJC_ROOT_CLASS = YES_ERROR;
				CLANG_WARN_SUSPICIOUS_MOVE = YES;
				CLANG_WARN_SUSPICIOUS_MOVES = YES;
				CLANG_WARN_UNREACHABLE_CODE = YES;
				CLANG_WARN__DUPLICATE_METHOD_MATCH = YES;
				"CODE_SIGN_IDENTITY[sdk=iphoneos*]" = "iPhone Developer";
				COPY_PHASE_STRIP = NO;
				DEBUG_INFORMATION_FORMAT = "dwarf-with-dsym";
				ENABLE_NS_ASSERTIONS = NO;
				ENABLE_STRICT_OBJC_MSGSEND = YES;
				GCC_C_LANGUAGE_STANDARD = gnu99;
				GCC_NO_COMMON_BLOCKS = YES;
				GCC_WARN_64_TO_32_BIT_CONVERSION = YES;
				GCC_WARN_ABOUT_RETURN_TYPE = YES_ERROR;
				GCC_WARN_UNDECLARED_SELECTOR = YES;
				GCC_WARN_UNINITIALIZED_AUTOS = YES_AGGRESSIVE;
				GCC_WARN_UNUSED_FUNCTION = YES;
				GCC_WARN_UNUSED_VARIABLE = YES;
				IPHONEOS_DEPLOYMENT_TARGET = 10.0;
				MTL_ENABLE_DEBUG_INFO = NO;
				SDKROOT = iphoneos;
				SWIFT_OPTIMIZATION_LEVEL = "-Owholemodule";
				TARGETED_DEVICE_FAMILY = "1,2";
				VALIDATE_PRODUCT = YES;
			};
			name = Release;
		};
		DD8F04131DA23267000837DE /* Debug */ = {
			isa = XCBuildConfiguration;
			baseConfigurationReference = 7F442699709036B52BDD7190 /* Pods-Listnd.debug.xcconfig */;
			buildSettings = {
				ALWAYS_EMBED_SWIFT_STANDARD_LIBRARIES = YES;
				ASSETCATALOG_COMPILER_APPICON_NAME = AppIcon;
				DEVELOPMENT_TEAM = 7C7E58NWQY;
				INFOPLIST_FILE = Listnd/Info.plist;
				LD_RUNPATH_SEARCH_PATHS = "$(inherited) @executable_path/Frameworks";
				PRODUCT_BUNDLE_IDENTIFIER = com.RhL.Listnd;
				PRODUCT_NAME = "$(TARGET_NAME)";
				SWIFT_VERSION = 3.0;
				TARGETED_DEVICE_FAMILY = 1;
			};
			name = Debug;
		};
		DD8F04141DA23267000837DE /* Release */ = {
			isa = XCBuildConfiguration;
			baseConfigurationReference = 014C78A83DCB02A6B8C44340 /* Pods-Listnd.release.xcconfig */;
			buildSettings = {
				ALWAYS_EMBED_SWIFT_STANDARD_LIBRARIES = YES;
				ASSETCATALOG_COMPILER_APPICON_NAME = AppIcon;
				DEVELOPMENT_TEAM = 7C7E58NWQY;
				INFOPLIST_FILE = Listnd/Info.plist;
				LD_RUNPATH_SEARCH_PATHS = "$(inherited) @executable_path/Frameworks";
				PRODUCT_BUNDLE_IDENTIFIER = com.RhL.Listnd;
				PRODUCT_NAME = "$(TARGET_NAME)";
				SWIFT_VERSION = 3.0;
				TARGETED_DEVICE_FAMILY = 1;
			};
			name = Release;
		};
		DD8F04161DA23267000837DE /* Debug */ = {
			isa = XCBuildConfiguration;
			baseConfigurationReference = 5277BD873405892852838BA3 /* Pods-ListndTests.debug.xcconfig */;
			buildSettings = {
				ALWAYS_EMBED_SWIFT_STANDARD_LIBRARIES = "$(inherited)";
				BUNDLE_LOADER = "$(TEST_HOST)";
				DEVELOPMENT_TEAM = 7C7E58NWQY;
				INFOPLIST_FILE = ListndTests/Info.plist;
				LD_RUNPATH_SEARCH_PATHS = "$(inherited) @executable_path/Frameworks @loader_path/Frameworks";
				PRODUCT_BUNDLE_IDENTIFIER = com.RhL.ListndTests;
				PRODUCT_NAME = "$(TARGET_NAME)";
				SWIFT_VERSION = 3.0;
				TEST_HOST = "$(BUILT_PRODUCTS_DIR)/Listnd.app/Listnd";
			};
			name = Debug;
		};
		DD8F04171DA23267000837DE /* Release */ = {
			isa = XCBuildConfiguration;
			baseConfigurationReference = 3C1F2712AF62863EF676AD0B /* Pods-ListndTests.release.xcconfig */;
			buildSettings = {
				ALWAYS_EMBED_SWIFT_STANDARD_LIBRARIES = "$(inherited)";
				BUNDLE_LOADER = "$(TEST_HOST)";
				DEVELOPMENT_TEAM = 7C7E58NWQY;
				INFOPLIST_FILE = ListndTests/Info.plist;
				LD_RUNPATH_SEARCH_PATHS = "$(inherited) @executable_path/Frameworks @loader_path/Frameworks";
				PRODUCT_BUNDLE_IDENTIFIER = com.RhL.ListndTests;
				PRODUCT_NAME = "$(TARGET_NAME)";
				SWIFT_VERSION = 3.0;
				TEST_HOST = "$(BUILT_PRODUCTS_DIR)/Listnd.app/Listnd";
			};
			name = Release;
		};
		DD8F04191DA23267000837DE /* Debug */ = {
			isa = XCBuildConfiguration;
			baseConfigurationReference = 4C6A26F1CFABF5FB12D7C839 /* Pods-ListndUITests.debug.xcconfig */;
			buildSettings = {
				ALWAYS_EMBED_SWIFT_STANDARD_LIBRARIES = "$(inherited)";
				DEVELOPMENT_TEAM = 7C7E58NWQY;
				INFOPLIST_FILE = ListndUITests/Info.plist;
				LD_RUNPATH_SEARCH_PATHS = "$(inherited) @executable_path/Frameworks @loader_path/Frameworks";
				PRODUCT_BUNDLE_IDENTIFIER = com.RhL.ListndUITests;
				PRODUCT_NAME = "$(TARGET_NAME)";
				SWIFT_VERSION = 3.0;
				TEST_TARGET_NAME = Listnd;
			};
			name = Debug;
		};
		DD8F041A1DA23267000837DE /* Release */ = {
			isa = XCBuildConfiguration;
			baseConfigurationReference = 252EA76BCAAC4E43902CF3F3 /* Pods-ListndUITests.release.xcconfig */;
			buildSettings = {
				ALWAYS_EMBED_SWIFT_STANDARD_LIBRARIES = "$(inherited)";
				DEVELOPMENT_TEAM = 7C7E58NWQY;
				INFOPLIST_FILE = ListndUITests/Info.plist;
				LD_RUNPATH_SEARCH_PATHS = "$(inherited) @executable_path/Frameworks @loader_path/Frameworks";
				PRODUCT_BUNDLE_IDENTIFIER = com.RhL.ListndUITests;
				PRODUCT_NAME = "$(TARGET_NAME)";
				SWIFT_VERSION = 3.0;
				TEST_TARGET_NAME = Listnd;
			};
			name = Release;
		};
/* End XCBuildConfiguration section */

/* Begin XCConfigurationList section */
		DD8F03E51DA23267000837DE /* Build configuration list for PBXProject "Listnd" */ = {
			isa = XCConfigurationList;
			buildConfigurations = (
				DD8F04101DA23267000837DE /* Debug */,
				DD8F04111DA23267000837DE /* Release */,
			);
			defaultConfigurationIsVisible = 0;
			defaultConfigurationName = Release;
		};
		DD8F04121DA23267000837DE /* Build configuration list for PBXNativeTarget "Listnd" */ = {
			isa = XCConfigurationList;
			buildConfigurations = (
				DD8F04131DA23267000837DE /* Debug */,
				DD8F04141DA23267000837DE /* Release */,
			);
			defaultConfigurationIsVisible = 0;
			defaultConfigurationName = Release;
		};
		DD8F04151DA23267000837DE /* Build configuration list for PBXNativeTarget "ListndTests" */ = {
			isa = XCConfigurationList;
			buildConfigurations = (
				DD8F04161DA23267000837DE /* Debug */,
				DD8F04171DA23267000837DE /* Release */,
			);
			defaultConfigurationIsVisible = 0;
			defaultConfigurationName = Release;
		};
		DD8F04181DA23267000837DE /* Build configuration list for PBXNativeTarget "ListndUITests" */ = {
			isa = XCConfigurationList;
			buildConfigurations = (
				DD8F04191DA23267000837DE /* Debug */,
				DD8F041A1DA23267000837DE /* Release */,
			);
			defaultConfigurationIsVisible = 0;
			defaultConfigurationName = Release;
		};
/* End XCConfigurationList section */

/* Begin XCVersionGroup section */
		DDB14F9A1DA856D900DE9A4A /* Model.xcdatamodeld */ = {
			isa = XCVersionGroup;
			children = (
				DDB14F9B1DA856D900DE9A4A /* Model.xcdatamodel */,
			);
			currentVersion = DDB14F9B1DA856D900DE9A4A /* Model.xcdatamodel */;
			name = Model.xcdatamodeld;
			path = Listnd/Model.xcdatamodeld;
			sourceTree = "<group>";
			versionGroupType = wrapper.xcdatamodel;
		};
/* End XCVersionGroup section */
	};
	rootObject = DD8F03E21DA23267000837DE /* Project object */;
}
